
Microsoft Visual Studio Solution File, Format Version 12.00
# Visual Studio 15
VisualStudioVersion = 15.0.28010.2048
MinimumVisualStudioVersion = 10.0.40219.1
Project("{FAE04EC0-301F-11D3-BF4B-00C04F79EFBC}") = "CodeCamp1", "CodeCamp1\CodeCamp1.csproj", "{A7720B22-BC7E-45F0-A2DD-BCDB85C9C475}"
EndProject
Global
	GlobalSection(SolutionConfigurationPlatforms) = preSolution
		Debug|Any CPU = Debug|Any CPU
		Release|Any CPU = Release|Any CPU
	EndGlobalSection
	GlobalSection(ProjectConfigurationPlatforms) = postSolution
		{A7720B22-BC7E-45F0-A2DD-BCDB85C9C475}.Debug|Any CPU.ActiveCfg = Debug|Any CPU
		{A7720B22-BC7E-45F0-A2DD-BCDB85C9C475}.Debug|Any CPU.Build.0 = Debug|Any CPU
		{A7720B22-BC7E-45F0-A2DD-BCDB85C9C475}.Release|Any CPU.ActiveCfg = Release|Any CPU
		{A7720B22-BC7E-45F0-A2DD-BCDB85C9C475}.Release|Any CPU.Build.0 = Release|Any CPU
	EndGlobalSection
	GlobalSection(SolutionProperties) = preSolution
		HideSolutionNode = FALSE
	EndGlobalSection
	GlobalSection(ExtensibilityGlobals) = postSolution
		SolutionGuid = {E37EC4D9-E8D9-4D93-B831-6908F75CFCAD}
	EndGlobalSection
EndGlobal
